
Microsoft Visual Studio Solution File, Format Version 12.00
# Visual Studio Version 16
VisualStudioVersion = 16.0.29613.14
MinimumVisualStudioVersion = 10.0.40219.1
Project("{FAE04EC0-301F-11D3-BF4B-00C04F79EFBC}") = "NyarukoEye_Windows", "NyarukoEye_Windows.csproj", "{1035DCAB-56F5-4151-A791-659E6060C62C}"
EndProject
Global
	GlobalSection(SolutionConfigurationPlatforms) = preSolution
		Debug|Any CPU = Debug|Any CPU
		Release|Any CPU = Release|Any CPU
	EndGlobalSection
	GlobalSection(ProjectConfigurationPlatforms) = postSolution
		{1035DCAB-56F5-4151-A791-659E6060C62C}.Debug|Any CPU.ActiveCfg = Debug|Any CPU
		{1035DCAB-56F5-4151-A791-659E6060C62C}.Debug|Any CPU.Build.0 = Debug|Any CPU
		{1035DCAB-56F5-4151-A791-659E6060C62C}.Release|Any CPU.ActiveCfg = Release|Any CPU
		{1035DCAB-56F5-4151-A791-659E6060C62C}.Release|Any CPU.Build.0 = Release|Any CPU
	EndGlobalSection
	GlobalSection(SolutionProperties) = preSolution
		HideSolutionNode = FALSE
	EndGlobalSection
	GlobalSection(ExtensibilityGlobals) = postSolution
		SolutionGuid = {A2C55D76-FEF8-4220-AA30-4A3D0DD3216F}
	EndGlobalSection
EndGlobal
